
Microsoft Visual Studio Solution File, Format Version 12.00
# Visual Studio Version 17
VisualStudioVersion = 17.1.32210.238
MinimumVisualStudioVersion = 10.0.40219.1
Project("{FAE04EC0-301F-11D3-BF4B-00C04F79EFBC}") = "AuthApp", "AuthApp\AuthApp.csproj", "{7EA79274-BF4D-4B63-BBBB-B9433AA8707E}"
EndProject
Global
	GlobalSection(SolutionConfigurationPlatforms) = preSolution
		Debug|Any CPU = Debug|Any CPU
		Release|Any CPU = Release|Any CPU
	EndGlobalSection
	GlobalSection(ProjectConfigurationPlatforms) = postSolution
		{7EA79274-BF4D-4B63-BBBB-B9433AA8707E}.Debug|Any CPU.ActiveCfg = Debug|Any CPU
		{7EA79274-BF4D-4B63-BBBB-B9433AA8707E}.Debug|Any CPU.Build.0 = Debug|Any CPU
		{7EA79274-BF4D-4B63-BBBB-B9433AA8707E}.Release|Any CPU.ActiveCfg = Release|Any CPU
		{7EA79274-BF4D-4B63-BBBB-B9433AA8707E}.Release|Any CPU.Build.0 = Release|Any CPU
	EndGlobalSection
	GlobalSection(SolutionProperties) = preSolution
		HideSolutionNode = FALSE
	EndGlobalSection
	GlobalSection(ExtensibilityGlobals) = postSolution
		SolutionGuid = {F7F94A5B-6AF6-45F3-8B78-FEB57DE54F10}
	EndGlobalSection
EndGlobal
